
Microsoft Visual Studio Solution File, Format Version 12.00
# Visual Studio Version 17
VisualStudioVersion = 17.8.34601.278
MinimumVisualStudioVersion = 10.0.40219.1
Project("{8BC9CEB8-8B4A-11D0-8D11-00A0C91BC942}") = "Đếm dãy con tăng dài nhất ( Quy hoạch động)", "Đếm dãy con tăng dài nhất ( Quy hoạch động)\Đếm dãy con tăng dài nhất ( Quy hoạch động).vcxproj", "{1F037643-210F-43DE-8D74-B1DFAD42A52B}"
EndProject
Global
	GlobalSection(SolutionConfigurationPlatforms) = preSolution
		Debug|x64 = Debug|x64
		Debug|x86 = Debug|x86
		Release|x64 = Release|x64
		Release|x86 = Release|x86
	EndGlobalSection
	GlobalSection(ProjectConfigurationPlatforms) = postSolution
		{1F037643-210F-43DE-8D74-B1DFAD42A52B}.Debug|x64.ActiveCfg = Debug|x64
		{1F037643-210F-43DE-8D74-B1DFAD42A52B}.Debug|x64.Build.0 = Debug|x64
		{1F037643-210F-43DE-8D74-B1DFAD42A52B}.Debug|x86.ActiveCfg = Debug|Win32
		{1F037643-210F-43DE-8D74-B1DFAD42A52B}.Debug|x86.Build.0 = Debug|Win32
		{1F037643-210F-43DE-8D74-B1DFAD42A52B}.Release|x64.ActiveCfg = Release|x64
		{1F037643-210F-43DE-8D74-B1DFAD42A52B}.Release|x64.Build.0 = Release|x64
		{1F037643-210F-43DE-8D74-B1DFAD42A52B}.Release|x86.ActiveCfg = Release|Win32
		{1F037643-210F-43DE-8D74-B1DFAD42A52B}.Release|x86.Build.0 = Release|Win32
	EndGlobalSection
	GlobalSection(SolutionProperties) = preSolution
		HideSolutionNode = FALSE
	EndGlobalSection
	GlobalSection(ExtensibilityGlobals) = postSolution
		SolutionGuid = {9918C570-BC71-464E-863A-50F69B2710AC}
	EndGlobalSection
EndGlobal
