
Microsoft Visual Studio Solution File, Format Version 12.00
# Visual Studio Version 17
VisualStudioVersion = 17.8.34601.278
MinimumVisualStudioVersion = 10.0.40219.1
Project("{8BC9CEB8-8B4A-11D0-8D11-00A0C91BC942}") = "Bai12", "Bai12\Bai12.vcxproj", "{39E0CB85-3D2B-453C-860A-D01525E3E583}"
EndProject
Global
	GlobalSection(SolutionConfigurationPlatforms) = preSolution
		Debug|x64 = Debug|x64
		Debug|x86 = Debug|x86
		Release|x64 = Release|x64
		Release|x86 = Release|x86
	EndGlobalSection
	GlobalSection(ProjectConfigurationPlatforms) = postSolution
		{39E0CB85-3D2B-453C-860A-D01525E3E583}.Debug|x64.ActiveCfg = Debug|x64
		{39E0CB85-3D2B-453C-860A-D01525E3E583}.Debug|x64.Build.0 = Debug|x64
		{39E0CB85-3D2B-453C-860A-D01525E3E583}.Debug|x86.ActiveCfg = Debug|Win32
		{39E0CB85-3D2B-453C-860A-D01525E3E583}.Debug|x86.Build.0 = Debug|Win32
		{39E0CB85-3D2B-453C-860A-D01525E3E583}.Release|x64.ActiveCfg = Release|x64
		{39E0CB85-3D2B-453C-860A-D01525E3E583}.Release|x64.Build.0 = Release|x64
		{39E0CB85-3D2B-453C-860A-D01525E3E583}.Release|x86.ActiveCfg = Release|Win32
		{39E0CB85-3D2B-453C-860A-D01525E3E583}.Release|x86.Build.0 = Release|Win32
	EndGlobalSection
	GlobalSection(SolutionProperties) = preSolution
		HideSolutionNode = FALSE
	EndGlobalSection
	GlobalSection(ExtensibilityGlobals) = postSolution
		SolutionGuid = {D619A81D-9BDD-4441-9E8E-FE3CBAD162DA}
	EndGlobalSection
EndGlobal
